
Microsoft Visual Studio Solution File, Format Version 12.00
# Visual Studio 15
VisualStudioVersion = 15.0.28307.271
MinimumVisualStudioVersion = 10.0.40219.1
Project("{FAE04EC0-301F-11D3-BF4B-00C04F79EFBC}") = "NavigationApp.Android", "NavigationApp\NavigationApp.Android\NavigationApp.Android.csproj", "{55470237-2787-4280-AFC0-1FB068E37867}"
EndProject
Project("{FAE04EC0-301F-11D3-BF4B-00C04F79EFBC}") = "NavigationApp.iOS", "NavigationApp\NavigationApp.iOS\NavigationApp.iOS.csproj", "{A8D66C1D-0D25-44A4-89B0-6D9EEDFD7B68}"
EndProject
Project("{FAE04EC0-301F-11D3-BF4B-00C04F79EFBC}") = "NavigationApp", "NavigationApp\NavigationApp\NavigationApp.csproj", "{8D393A77-AA34-445F-BFBC-545B2567E087}"
EndProject
Global
	GlobalSection(SolutionConfigurationPlatforms) = preSolution
		Ad-Hoc|Any CPU = Ad-Hoc|Any CPU
		Ad-Hoc|iPhone = Ad-Hoc|iPhone
		Ad-Hoc|iPhoneSimulator = Ad-Hoc|iPhoneSimulator
		AppStore|Any CPU = AppStore|Any CPU
		AppStore|iPhone = AppStore|iPhone
		AppStore|iPhoneSimulator = AppStore|iPhoneSimulator
		Debug|Any CPU = Debug|Any CPU
		Debug|iPhone = Debug|iPhone
		Debug|iPhoneSimulator = Debug|iPhoneSimulator
		Release|Any CPU = Release|Any CPU
		Release|iPhone = Release|iPhone
		Release|iPhoneSimulator = Release|iPhoneSimulator
	EndGlobalSection
	GlobalSection(ProjectConfigurationPlatforms) = postSolution
		{55470237-2787-4280-AFC0-1FB068E37867}.Ad-Hoc|Any CPU.ActiveCfg = Release|Any CPU
		{55470237-2787-4280-AFC0-1FB068E37867}.Ad-Hoc|Any CPU.Build.0 = Release|Any CPU
		{55470237-2787-4280-AFC0-1FB068E37867}.Ad-Hoc|Any CPU.Deploy.0 = Release|Any CPU
		{55470237-2787-4280-AFC0-1FB068E37867}.Ad-Hoc|iPhone.ActiveCfg = Release|Any CPU
		{55470237-2787-4280-AFC0-1FB068E37867}.Ad-Hoc|iPhone.Build.0 = Release|Any CPU
		{55470237-2787-4280-AFC0-1FB068E37867}.Ad-Hoc|iPhone.Deploy.0 = Release|Any CPU
		{55470237-2787-4280-AFC0-1FB068E37867}.Ad-Hoc|iPhoneSimulator.ActiveCfg = Release|Any CPU
		{55470237-2787-4280-AFC0-1FB068E37867}.Ad-Hoc|iPhoneSimulator.Build.0 = Release|Any CPU
		{55470237-2787-4280-AFC0-1FB068E37867}.Ad-Hoc|iPhoneSimulator.Deploy.0 = Release|Any CPU
		{55470237-2787-4280-AFC0-1FB068E37867}.AppStore|Any CPU.ActiveCfg = Release|Any CPU
		{55470237-2787-4280-AFC0-1FB068E37867}.AppStore|Any CPU.Build.0 = Release|Any CPU
		{55470237-2787-4280-AFC0-1FB068E37867}.AppStore|Any CPU.Deploy.0 = Release|Any CPU
		{55470237-2787-4280-AFC0-1FB068E37867}.AppStore|iPhone.ActiveCfg = Release|Any CPU
		{55470237-2787-4280-AFC0-1FB068E37867}.AppStore|iPhone.Build.0 = Release|Any CPU
		{55470237-2787-4280-AFC0-1FB068E37867}.AppStore|iPhone.Deploy.0 = Release|Any CPU
		{55470237-2787-4280-AFC0-1FB068E37867}.AppStore|iPhoneSimulator.ActiveCfg = Release|Any CPU
		{55470237-2787-4280-AFC0-1FB068E37867}.AppStore|iPhoneSimulator.Build.0 = Release|Any CPU
		{55470237-2787-4280-AFC0-1FB068E37867}.AppStore|iPhoneSimulator.Deploy.0 = Release|Any CPU
		{55470237-2787-4280-AFC0-1FB068E37867}.Debug|Any CPU.ActiveCfg = Debug|Any CPU
		{55470237-2787-4280-AFC0-1FB068E37867}.Debug|Any CPU.Build.0 = Debug|Any CPU
		{55470237-2787-4280-AFC0-1FB068E37867}.Debug|Any CPU.Deploy.0 = Debug|Any CPU
		{55470237-2787-4280-AFC0-1FB068E37867}.Debug|iPhone.ActiveCfg = Debug|Any CPU
		{55470237-2787-4280-AFC0-1FB068E37867}.Debug|iPhone.Build.0 = Debug|Any CPU
		{55470237-2787-4280-AFC0-1FB068E37867}.Debug|iPhone.Deploy.0 = Debug|Any CPU
		{55470237-2787-4280-AFC0-1FB068E37867}.Debug|iPhoneSimulator.ActiveCfg = Debug|Any CPU
		{55470237-2787-4280-AFC0-1FB068E37867}.Debug|iPhoneSimulator.Build.0 = Debug|Any CPU
		{55470237-2787-4280-AFC0-1FB068E37867}.Debug|iPhoneSimulator.Deploy.0 = Debug|Any CPU
		{55470237-2787-4280-AFC0-1FB068E37867}.Release|Any CPU.ActiveCfg = Release|Any CPU
		{55470237-2787-4280-AFC0-1FB068E37867}.Release|Any CPU.Build.0 = Release|Any CPU
		{55470237-2787-4280-AFC0-1FB068E37867}.Release|Any CPU.Deploy.0 = Release|Any CPU
		{55470237-2787-4280-AFC0-1FB068E37867}.Release|iPhone.ActiveCfg = Release|Any CPU
		{55470237-2787-4280-AFC0-1FB068E37867}.Release|iPhone.Build.0 = Release|Any CPU
		{55470237-2787-4280-AFC0-1FB068E37867}.Release|iPhone.Deploy.0 = Release|Any CPU
		{55470237-2787-4280-AFC0-1FB068E37867}.Release|iPhoneSimulator.ActiveCfg = Release|Any CPU
		{55470237-2787-4280-AFC0-1FB068E37867}.Release|iPhoneSimulator.Build.0 = Release|Any CPU
		{55470237-2787-4280-AFC0-1FB068E37867}.Release|iPhoneSimulator.Deploy.0 = Release|Any CPU
		{A8D66C1D-0D25-44A4-89B0-6D9EEDFD7B68}.Ad-Hoc|Any CPU.ActiveCfg = Ad-Hoc|iPhone
		{A8D66C1D-0D25-44A4-89B0-6D9EEDFD7B68}.Ad-Hoc|Any CPU.Build.0 = Ad-Hoc|iPhone
		{A8D66C1D-0D25-44A4-89B0-6D9EEDFD7B68}.Ad-Hoc|Any CPU.Deploy.0 = Ad-Hoc|iPhone
		{A8D66C1D-0D25-44A4-89B0-6D9EEDFD7B68}.Ad-Hoc|iPhone.ActiveCfg = Ad-Hoc|iPhone
		{A8D66C1D-0D25-44A4-89B0-6D9EEDFD7B68}.Ad-Hoc|iPhone.Build.0 = Ad-Hoc|iPhone
		{A8D66C1D-0D25-44A4-89B0-6D9EEDFD7B68}.Ad-Hoc|iPhone.Deploy.0 = Ad-Hoc|iPhone
		{A8D66C1D-0D25-44A4-89B0-6D9EEDFD7B68}.Ad-Hoc|iPhoneSimulator.ActiveCfg = Ad-Hoc|iPhoneSimulator
		{A8D66C1D-0D25-44A4-89B0-6D9EEDFD7B68}.Ad-Hoc|iPhoneSimulator.Build.0 = Ad-Hoc|iPhoneSimulator
		{A8D66C1D-0D25-44A4-89B0-6D9EEDFD7B68}.Ad-Hoc|iPhoneSimulator.Deploy.0 = Ad-Hoc|iPhoneSimulator
		{A8D66C1D-0D25-44A4-89B0-6D9EEDFD7B68}.AppStore|Any CPU.ActiveCfg = AppStore|iPhone
		{A8D66C1D-0D25-44A4-89B0-6D9EEDFD7B68}.AppStore|Any CPU.Build.0 = AppStore|iPhone
		{A8D66C1D-0D25-44A4-89B0-6D9EEDFD7B68}.AppStore|Any CPU.Deploy.0 = AppStore|iPhone
		{A8D66C1D-0D25-44A4-89B0-6D9EEDFD7B68}.AppStore|iPhone.ActiveCfg = AppStore|iPhone
		{A8D66C1D-0D25-44A4-89B0-6D9EEDFD7B68}.AppStore|iPhone.Build.0 = AppStore|iPhone
		{A8D66C1D-0D25-44A4-89B0-6D9EEDFD7B68}.AppStore|iPhone.Deploy.0 = AppStore|iPhone
		{A8D66C1D-0D25-44A4-89B0-6D9EEDFD7B68}.AppStore|iPhoneSimulator.ActiveCfg = AppStore|iPhoneSimulator
		{A8D66C1D-0D25-44A4-89B0-6D9EEDFD7B68}.AppStore|iPhoneSimulator.Build.0 = AppStore|iPhoneSimulator
		{A8D66C1D-0D25-44A4-89B0-6D9EEDFD7B68}.AppStore|iPhoneSimulator.Deploy.0 = AppStore|iPhoneSimulator
		{A8D66C1D-0D25-44A4-89B0-6D9EEDFD7B68}.Debug|Any CPU.ActiveCfg = Debug|iPhoneSimulator
		{A8D66C1D-0D25-44A4-89B0-6D9EEDFD7B68}.Debug|Any CPU.Build.0 = Debug|iPhoneSimulator
		{A8D66C1D-0D25-44A4-89B0-6D9EEDFD7B68}.Debug|Any CPU.Deploy.0 = Debug|iPhoneSimulator
		{A8D66C1D-0D25-44A4-89B0-6D9EEDFD7B68}.Debug|iPhone.ActiveCfg = Debug|iPhone
		{A8D66C1D-0D25-44A4-89B0-6D9EEDFD7B68}.Debug|iPhone.Build.0 = Debug|iPhone
		{A8D66C1D-0D25-44A4-89B0-6D9EEDFD7B68}.Debug|iPhone.Deploy.0 = Debug|iPhone
		{A8D66C1D-0D25-44A4-89B0-6D9EEDFD7B68}.Debug|iPhoneSimulator.ActiveCfg = Debug|iPhoneSimulator
		{A8D66C1D-0D25-44A4-89B0-6D9EEDFD7B68}.Debug|iPhoneSimulator.Build.0 = Debug|iPhoneSimulator
		{A8D66C1D-0D25-44A4-89B0-6D9EEDFD7B68}.Debug|iPhoneSimulator.Deploy.0 = Debug|iPhoneSimulator
		{A8D66C1D-0D25-44A4-89B0-6D9EEDFD7B68}.Release|Any CPU.ActiveCfg = Release|iPhone
		{A8D66C1D-0D25-44A4-89B0-6D9EEDFD7B68}.Release|Any CPU.Build.0 = Release|iPhone
		{A8D66C1D-0D25-44A4-89B0-6D9EEDFD7B68}.Release|Any CPU.Deploy.0 = Release|iPhone
		{A8D66C1D-0D25-44A4-89B0-6D9EEDFD7B68}.Release|iPhone.ActiveCfg = Release|iPhone
		{A8D66C1D-0D25-44A4-89B0-6D9EEDFD7B68}.Release|iPhone.Build.0 = Release|iPhone
		{A8D66C1D-0D25-44A4-89B0-6D9EEDFD7B68}.Release|iPhone.Deploy.0 = Release|iPhone
		{A8D66C1D-0D25-44A4-89B0-6D9EEDFD7B68}.Release|iPhoneSimulator.ActiveCfg = Release|iPhoneSimulator
		{A8D66C1D-0D25-44A4-89B0-6D9EEDFD7B68}.Release|iPhoneSimulator.Build.0 = Release|iPhoneSimulator
		{A8D66C1D-0D25-44A4-89B0-6D9EEDFD7B68}.Release|iPhoneSimulator.Deploy.0 = Release|iPhoneSimulator
		{8D393A77-AA34-445F-BFBC-545B2567E087}.Ad-Hoc|Any CPU.ActiveCfg = Debug|Any CPU
		{8D393A77-AA34-445F-BFBC-545B2567E087}.Ad-Hoc|Any CPU.Build.0 = Debug|Any CPU
		{8D393A77-AA34-445F-BFBC-545B2567E087}.Ad-Hoc|Any CPU.Deploy.0 = Debug|Any CPU
		{8D393A77-AA34-445F-BFBC-545B2567E087}.Ad-Hoc|iPhone.ActiveCfg = Debug|Any CPU
		{8D393A77-AA34-445F-BFBC-545B2567E087}.Ad-Hoc|iPhone.Build.0 = Debug|Any CPU
		{8D393A77-AA34-445F-BFBC-545B2567E087}.Ad-Hoc|iPhone.Deploy.0 = Debug|Any CPU
		{8D393A77-AA34-445F-BFBC-545B2567E087}.Ad-Hoc|iPhoneSimulator.ActiveCfg = Debug|Any CPU
		{8D393A77-AA34-445F-BFBC-545B2567E087}.Ad-Hoc|iPhoneSimulator.Build.0 = Debug|Any CPU
		{8D393A77-AA34-445F-BFBC-545B2567E087}.Ad-Hoc|iPhoneSimulator.Deploy.0 = Debug|Any CPU
		{8D393A77-AA34-445F-BFBC-545B2567E087}.AppStore|Any CPU.ActiveCfg = Debug|Any CPU
		{8D393A77-AA34-445F-BFBC-545B2567E087}.AppStore|Any CPU.Build.0 = Debug|Any CPU
		{8D393A77-AA34-445F-BFBC-545B2567E087}.AppStore|Any CPU.Deploy.0 = Debug|Any CPU
		{8D393A77-AA34-445F-BFBC-545B2567E087}.AppStore|iPhone.ActiveCfg = Debug|Any CPU
		{8D393A77-AA34-445F-BFBC-545B2567E087}.AppStore|iPhone.Build.0 = Debug|Any CPU
		{8D393A77-AA34-445F-BFBC-545B2567E087}.AppStore|iPhone.Deploy.0 = Debug|Any CPU
		{8D393A77-AA34-445F-BFBC-545B2567E087}.AppStore|iPhoneSimulator.ActiveCfg = Debug|Any CPU
		{8D393A77-AA34-445F-BFBC-545B2567E087}.AppStore|iPhoneSimulator.Build.0 = Debug|Any CPU
		{8D393A77-AA34-445F-BFBC-545B2567E087}.AppStore|iPhoneSimulator.Deploy.0 = Debug|Any CPU
		{8D393A77-AA34-445F-BFBC-545B2567E087}.Debug|Any CPU.ActiveCfg = Debug|Any CPU
		{8D393A77-AA34-445F-BFBC-545B2567E087}.Debug|Any CPU.Build.0 = Debug|Any CPU
		{8D393A77-AA34-445F-BFBC-545B2567E087}.Debug|Any CPU.Deploy.0 = Debug|Any CPU
		{8D393A77-AA34-445F-BFBC-545B2567E087}.Debug|iPhone.ActiveCfg = Debug|Any CPU
		{8D393A77-AA34-445F-BFBC-545B2567E087}.Debug|iPhone.Build.0 = Debug|Any CPU
		{8D393A77-AA34-445F-BFBC-545B2567E087}.Debug|iPhone.Deploy.0 = Debug|Any CPU
		{8D393A77-AA34-445F-BFBC-545B2567E087}.Debug|iPhoneSimulator.ActiveCfg = Debug|Any CPU
		{8D393A77-AA34-445F-BFBC-545B2567E087}.Debug|iPhoneSimulator.Build.0 = Debug|Any CPU
		{8D393A77-AA34-445F-BFBC-545B2567E087}.Debug|iPhoneSimulator.Deploy.0 = Debug|Any CPU
		{8D393A77-AA34-445F-BFBC-545B2567E087}.Release|Any CPU.ActiveCfg = Release|Any CPU
		{8D393A77-AA34-445F-BFBC-545B2567E087}.Release|Any CPU.Build.0 = Release|Any CPU
		{8D393A77-AA34-445F-BFBC-545B2567E087}.Release|Any CPU.Deploy.0 = Release|Any CPU
		{8D393A77-AA34-445F-BFBC-545B2567E087}.Release|iPhone.ActiveCfg = Release|Any CPU
		{8D393A77-AA34-445F-BFBC-545B2567E087}.Release|iPhone.Build.0 = Release|Any CPU
		{8D393A77-AA34-445F-BFBC-545B2567E087}.Release|iPhone.Deploy.0 = Release|Any CPU
		{8D393A77-AA34-445F-BFBC-545B2567E087}.Release|iPhoneSimulator.ActiveCfg = Release|Any CPU
		{8D393A77-AA34-445F-BFBC-545B2567E087}.Release|iPhoneSimulator.Build.0 = Release|Any CPU
		{8D393A77-AA34-445F-BFBC-545B2567E087}.Release|iPhoneSimulator.Deploy.0 = Release|Any CPU
	EndGlobalSection
	GlobalSection(SolutionProperties) = preSolution
		HideSolutionNode = FALSE
	EndGlobalSection
	GlobalSection(ExtensibilityGlobals) = postSolution
		SolutionGuid = {C58440AA-9ECA-4850-B289-B686266DA566}
	EndGlobalSection
EndGlobal
